# This file is automatically @generated by Cargo.
# It is not intended for manual editing.
version = 4

[[package]]
name = "device"
version = "0.1.0"
dependencies = [
 "sysex",
]

[[package]]
name = "engine"
version = "0.1.0"
dependencies = [
 "device",
 "model",
 "sysex",
]

[[package]]
name = "model"
version = "0.1.0"
dependencies = [
 "device",
 "sysex",
]

[[package]]
name = "sysex"
version = "0.1.0"

[[package]]
name = "tactus"
version = "0.1.0"
dependencies = [
 "engine",
]
